
Microsoft Visual Studio Solution File, Format Version 12.00
# Visual Studio Version 17
VisualStudioVersion = 17.10.35004.147
MinimumVisualStudioVersion = 10.0.40219.1
Project("{9A19103F-16F7-4668-BE54-9A1E7A4F7556}") = "Net9Auth.API", "Net9Auth.API\Net9Auth.API.csproj", "{7E9A23F3-D485-419A-BC24-B927B18F6B60}"
EndProject
Project("{9A19103F-16F7-4668-BE54-9A1E7A4F7556}") = "Net9Auth.BlazorWasm", "Net9Auth.BlazorWasm\Net9Auth.BlazorWasm.csproj", "{5BF8C6DD-E228-4238-AA47-186E09A5B701}"
EndProject
Project("{9A19103F-16F7-4668-BE54-9A1E7A4F7556}") = "Net9Auth.Shared", "Net9Auth.Shared\Net9Auth.Shared.csproj", "{08ABCA17-2732-4005-9DA0-80889C24F024}"
EndProject
Project("{9A19103F-16F7-4668-BE54-9A1E7A4F7556}") = "Net9Auth.Console1", "Net9Auth.Console1\Net9Auth.Console1.csproj", "{55BDF39C-6288-413E-B34E-7C6177A863BD}"
EndProject
Project("{9A19103F-16F7-4668-BE54-9A1E7A4F7556}") = "Net9Auth.Console2", "Net9Auth.Console2\Net9Auth.Console2.csproj", "{53581434-A72C-457B-823D-71BCC07508EC}"
EndProject
Project("{9A19103F-16F7-4668-BE54-9A1E7A4F7556}") = "Net9AuthConsoleBookStore", "Net9AuthConsoleBookStore\Net9AuthConsoleBookStore.csproj", "{57BC0E25-5179-4A75-B015-A92CFDB67BB3}"
EndProject
Project("{9A19103F-16F7-4668-BE54-9A1E7A4F7556}") = "Net9Auth.ConsoleExceptionLogTester1", "Net9Auth.ConsoleExceptionLogTester1\Net9Auth.ConsoleExceptionLogTester1.csproj", "{146B5EF9-C3E2-43F2-B79E-27C77494D52A}"
EndProject
Project("{9A19103F-16F7-4668-BE54-9A1E7A4F7556}") = "Net9Auth.ConsoleExceptionLogTester2", "Net9Auth.ConsoleExceptionLogTester2\Net9Auth.ConsoleExceptionLogTester2.csproj", "{A3D13CEE-C600-4A59-8A5E-4575FE21FD8B}"
EndProject
Project("{FAE04EC0-301F-11D3-BF4B-00C04F79EFBC}") = "Net9Auth.WinForms", "Net9Auth.WinForms\Net9Auth.WinForms.csproj", "{76D6C518-E1C7-4F11-B83F-675CAE778912}"
EndProject
Global
	GlobalSection(SolutionConfigurationPlatforms) = preSolution
		Debug|Any CPU = Debug|Any CPU
		Release|Any CPU = Release|Any CPU
	EndGlobalSection
	GlobalSection(ProjectConfigurationPlatforms) = postSolution
		{7E9A23F3-D485-419A-BC24-B927B18F6B60}.Debug|Any CPU.ActiveCfg = Debug|Any CPU
		{7E9A23F3-D485-419A-BC24-B927B18F6B60}.Debug|Any CPU.Build.0 = Debug|Any CPU
		{7E9A23F3-D485-419A-BC24-B927B18F6B60}.Release|Any CPU.ActiveCfg = Release|Any CPU
		{7E9A23F3-D485-419A-BC24-B927B18F6B60}.Release|Any CPU.Build.0 = Release|Any CPU
		{5BF8C6DD-E228-4238-AA47-186E09A5B701}.Debug|Any CPU.ActiveCfg = Debug|Any CPU
		{5BF8C6DD-E228-4238-AA47-186E09A5B701}.Debug|Any CPU.Build.0 = Debug|Any CPU
		{5BF8C6DD-E228-4238-AA47-186E09A5B701}.Release|Any CPU.ActiveCfg = Release|Any CPU
		{5BF8C6DD-E228-4238-AA47-186E09A5B701}.Release|Any CPU.Build.0 = Release|Any CPU
		{08ABCA17-2732-4005-9DA0-80889C24F024}.Debug|Any CPU.ActiveCfg = Debug|Any CPU
		{08ABCA17-2732-4005-9DA0-80889C24F024}.Debug|Any CPU.Build.0 = Debug|Any CPU
		{08ABCA17-2732-4005-9DA0-80889C24F024}.Release|Any CPU.ActiveCfg = Release|Any CPU
		{08ABCA17-2732-4005-9DA0-80889C24F024}.Release|Any CPU.Build.0 = Release|Any CPU
		{55BDF39C-6288-413E-B34E-7C6177A863BD}.Debug|Any CPU.ActiveCfg = Debug|Any CPU
		{55BDF39C-6288-413E-B34E-7C6177A863BD}.Debug|Any CPU.Build.0 = Debug|Any CPU
		{55BDF39C-6288-413E-B34E-7C6177A863BD}.Release|Any CPU.ActiveCfg = Release|Any CPU
		{55BDF39C-6288-413E-B34E-7C6177A863BD}.Release|Any CPU.Build.0 = Release|Any CPU
		{53581434-A72C-457B-823D-71BCC07508EC}.Debug|Any CPU.ActiveCfg = Debug|Any CPU
		{53581434-A72C-457B-823D-71BCC07508EC}.Debug|Any CPU.Build.0 = Debug|Any CPU
		{53581434-A72C-457B-823D-71BCC07508EC}.Release|Any CPU.ActiveCfg = Release|Any CPU
		{53581434-A72C-457B-823D-71BCC07508EC}.Release|Any CPU.Build.0 = Release|Any CPU
		{57BC0E25-5179-4A75-B015-A92CFDB67BB3}.Debug|Any CPU.ActiveCfg = Debug|Any CPU
		{57BC0E25-5179-4A75-B015-A92CFDB67BB3}.Debug|Any CPU.Build.0 = Debug|Any CPU
		{57BC0E25-5179-4A75-B015-A92CFDB67BB3}.Release|Any CPU.ActiveCfg = Release|Any CPU
		{57BC0E25-5179-4A75-B015-A92CFDB67BB3}.Release|Any CPU.Build.0 = Release|Any CPU
		{146B5EF9-C3E2-43F2-B79E-27C77494D52A}.Debug|Any CPU.ActiveCfg = Debug|Any CPU
		{146B5EF9-C3E2-43F2-B79E-27C77494D52A}.Debug|Any CPU.Build.0 = Debug|Any CPU
		{146B5EF9-C3E2-43F2-B79E-27C77494D52A}.Release|Any CPU.ActiveCfg = Release|Any CPU
		{146B5EF9-C3E2-43F2-B79E-27C77494D52A}.Release|Any CPU.Build.0 = Release|Any CPU
		{A3D13CEE-C600-4A59-8A5E-4575FE21FD8B}.Debug|Any CPU.ActiveCfg = Debug|Any CPU
		{A3D13CEE-C600-4A59-8A5E-4575FE21FD8B}.Debug|Any CPU.Build.0 = Debug|Any CPU
		{A3D13CEE-C600-4A59-8A5E-4575FE21FD8B}.Release|Any CPU.ActiveCfg = Release|Any CPU
		{A3D13CEE-C600-4A59-8A5E-4575FE21FD8B}.Release|Any CPU.Build.0 = Release|Any CPU
		{76D6C518-E1C7-4F11-B83F-675CAE778912}.Debug|Any CPU.ActiveCfg = Debug|Any CPU
		{76D6C518-E1C7-4F11-B83F-675CAE778912}.Debug|Any CPU.Build.0 = Debug|Any CPU
		{76D6C518-E1C7-4F11-B83F-675CAE778912}.Release|Any CPU.ActiveCfg = Release|Any CPU
		{76D6C518-E1C7-4F11-B83F-675CAE778912}.Release|Any CPU.Build.0 = Release|Any CPU
	EndGlobalSection
	GlobalSection(SolutionProperties) = preSolution
		HideSolutionNode = FALSE
	EndGlobalSection
	GlobalSection(ExtensibilityGlobals) = postSolution
		SolutionGuid = {BF7DD21E-62E7-4586-A138-7501C2B90145}
	EndGlobalSection
EndGlobal
